
Microsoft Visual Studio Solution File, Format Version 12.00
# Visual Studio 2013
VisualStudioVersion = 12.0.21005.1
MinimumVisualStudioVersion = 10.0.40219.1
Project("{FAE04EC0-301F-11D3-BF4B-00C04F79EFBC}") = "IntelligentWarehouseManagementSystem", "IntelligentWarehouseManagementSystem\IntelligentWarehouseManagementSystem.csproj", "{1DA2ED7E-E1F0-40EC-8B0C-4BCBDB45E9EA}"
EndProject
Project("{FAE04EC0-301F-11D3-BF4B-00C04F79EFBC}") = "WSN_New_DLL", "IntelligentWarehouseManagementSystem\WSN_New_DLL\WSN_New_DLL.csproj", "{7D36F528-5C83-4C3F-BE98-66919ECC1213}"
EndProject
Global
	GlobalSection(SolutionConfigurationPlatforms) = preSolution
		Debug|Any CPU = Debug|Any CPU
		Release|Any CPU = Release|Any CPU
	EndGlobalSection
	GlobalSection(ProjectConfigurationPlatforms) = postSolution
		{1DA2ED7E-E1F0-40EC-8B0C-4BCBDB45E9EA}.Debug|Any CPU.ActiveCfg = Debug|Any CPU
		{1DA2ED7E-E1F0-40EC-8B0C-4BCBDB45E9EA}.Debug|Any CPU.Build.0 = Debug|Any CPU
		{1DA2ED7E-E1F0-40EC-8B0C-4BCBDB45E9EA}.Release|Any CPU.ActiveCfg = Release|Any CPU
		{1DA2ED7E-E1F0-40EC-8B0C-4BCBDB45E9EA}.Release|Any CPU.Build.0 = Release|Any CPU
		{7D36F528-5C83-4C3F-BE98-66919ECC1213}.Debug|Any CPU.ActiveCfg = Debug|Any CPU
		{7D36F528-5C83-4C3F-BE98-66919ECC1213}.Debug|Any CPU.Build.0 = Debug|Any CPU
		{7D36F528-5C83-4C3F-BE98-66919ECC1213}.Release|Any CPU.ActiveCfg = Release|Any CPU
		{7D36F528-5C83-4C3F-BE98-66919ECC1213}.Release|Any CPU.Build.0 = Release|Any CPU
	EndGlobalSection
	GlobalSection(SolutionProperties) = preSolution
		HideSolutionNode = FALSE
	EndGlobalSection
EndGlobal
